
Microsoft Visual Studio Solution File, Format Version 12.00
# Visual Studio 14
VisualStudioVersion = 14.0.25420.1
MinimumVisualStudioVersion = 10.0.40219.1
Project("{FAE04EC0-301F-11D3-BF4B-00C04F79EFBC}") = "WPFDockingLayout", "WPFDockingLayout\WPFDockingLayout.csproj", "{A82E077E-D690-44FD-A8D0-8E0CC27872EF}"
EndProject
Global
	GlobalSection(SolutionConfigurationPlatforms) = preSolution
		Debug|Any CPU = Debug|Any CPU
		Debug-Xml|Any CPU = Debug-Xml|Any CPU
		Release|Any CPU = Release|Any CPU
		Release-Xml|Any CPU = Release-Xml|Any CPU
	EndGlobalSection
	GlobalSection(ProjectConfigurationPlatforms) = postSolution
		{A82E077E-D690-44FD-A8D0-8E0CC27872EF}.Debug|Any CPU.ActiveCfg = Debug|Any CPU
		{A82E077E-D690-44FD-A8D0-8E0CC27872EF}.Debug|Any CPU.Build.0 = Debug|Any CPU
		{A82E077E-D690-44FD-A8D0-8E0CC27872EF}.Debug-Xml|Any CPU.ActiveCfg = Debug|Any CPU
		{A82E077E-D690-44FD-A8D0-8E0CC27872EF}.Debug-Xml|Any CPU.Build.0 = Debug|Any CPU
		{A82E077E-D690-44FD-A8D0-8E0CC27872EF}.Release|Any CPU.ActiveCfg = Release|Any CPU
		{A82E077E-D690-44FD-A8D0-8E0CC27872EF}.Release|Any CPU.Build.0 = Release|Any CPU
		{A82E077E-D690-44FD-A8D0-8E0CC27872EF}.Release-Xml|Any CPU.ActiveCfg = Release|Any CPU
		{A82E077E-D690-44FD-A8D0-8E0CC27872EF}.Release-Xml|Any CPU.Build.0 = Release|Any CPU
	EndGlobalSection
	GlobalSection(SolutionProperties) = preSolution
		HideSolutionNode = FALSE
	EndGlobalSection
EndGlobal
