
Microsoft Visual Studio Solution File, Format Version 12.00
# Visual Studio 2012
Project("{FAE04EC0-301F-11D3-BF4B-00C04F79EFBC}") = "DockingManagerCommands", "DockingManagerCommands\DockingManagerCommands.csproj", "{222B858F-504B-4C44-9A7F-E6F91206FCA4}"
EndProject
Global
	GlobalSection(SolutionConfigurationPlatforms) = preSolution
		Debug|Any CPU = Debug|Any CPU
		Debug-Xml|Any CPU = Debug-Xml|Any CPU
		Release|Any CPU = Release|Any CPU
		Release-Xml|Any CPU = Release-Xml|Any CPU
	EndGlobalSection
	GlobalSection(ProjectConfigurationPlatforms) = postSolution
		{222B858F-504B-4C44-9A7F-E6F91206FCA4}.Debug|Any CPU.ActiveCfg = Debug|Any CPU
		{222B858F-504B-4C44-9A7F-E6F91206FCA4}.Debug|Any CPU.Build.0 = Debug|Any CPU
		{222B858F-504B-4C44-9A7F-E6F91206FCA4}.Debug-Xml|Any CPU.ActiveCfg = Debug|Any CPU
		{222B858F-504B-4C44-9A7F-E6F91206FCA4}.Debug-Xml|Any CPU.Build.0 = Debug|Any CPU
		{222B858F-504B-4C44-9A7F-E6F91206FCA4}.Release|Any CPU.ActiveCfg = Release|Any CPU
		{222B858F-504B-4C44-9A7F-E6F91206FCA4}.Release|Any CPU.Build.0 = Release|Any CPU
		{222B858F-504B-4C44-9A7F-E6F91206FCA4}.Release-Xml|Any CPU.ActiveCfg = Release|Any CPU
		{222B858F-504B-4C44-9A7F-E6F91206FCA4}.Release-Xml|Any CPU.Build.0 = Release|Any CPU
	EndGlobalSection
	GlobalSection(SolutionProperties) = preSolution
		HideSolutionNode = FALSE
	EndGlobalSection
EndGlobal
